%{"bbmustache": {:hex, :bbmustache, "1.0.4", "7ba94f971c5afd7b6617918a4bb74705e36cab36eb84b19b6a1b7ee06427aa38", [:rebar], []},
  "cf": {:hex, :cf, "0.2.1", "69d0b1349fd4d7d4dc55b7f407d29d7a840bf9a1ef5af529f1ebe0ce153fc2ab", [:rebar3], []},
  "elixir_make": {:hex, :elixir_make, "0.4.0", "992f38fabe705bb45821a728f20914c554b276838433349d4f2341f7a687cddf", [:mix], []},
  "erlware_commons": {:hex, :erlware_commons, "0.21.0", "a04433071ad7d112edefc75ac77719dd3e6753e697ac09428fc83d7564b80b15", [:rebar3], [{:cf, "0.2.1", [hex: :cf, optional: false]}]},
  "ex_ncurses": {:git, "https://github.com/fhunleth/ex_ncurses.git", "85cca394d1e638486fd34744494ce023b16420df", [branch: "bump_deps"]},
  "exrm": {:hex, :exrm, "1.0.8", "5aa8990cdfe300282828b02cefdc339e235f7916388ce99f9a1f926a9271a45d", [:mix], [{:relx, "~> 3.5", [hex: :relx, optional: false]}]},
  "getopt": {:hex, :getopt, "0.8.2", "b17556db683000ba50370b16c0619df1337e7af7ecbf7d64fbf8d1d6bce3109b", [:rebar], []},
  "logger_file_backend": {:hex, :logger_file_backend, "0.0.9", "5c2f7d4a28431e695cdf94d191523dbafe609321a67bb654254897f546c393db", [:mix], []},
  "nerves": {:hex, :nerves, "0.3.4", "7de99513f2775633e2db00acbf7437c55bd132f19b7406814f50818702b381b5", [:mix], [{:exrm, "~> 1.0.6", [hex: :exrm, optional: false]}]},
  "nerves_interim_wifi": {:hex, :nerves_interim_wifi, "0.0.2", "51c51578fc0a5d929a8ea26d54e6f470bcca24762742473cb44be3a622458a98", [:mix, :make], [{:elixir_make, "~> 0.3", [hex: :elixir_make, optional: false]}, {:nerves_network_interface, "~> 0.3.1", [hex: :nerves_network_interface, optional: false]}, {:nerves_wpa_supplicant, "~> 0.2.2", [hex: :nerves_wpa_supplicant, optional: false]}]},
  "nerves_network_interface": {:hex, :nerves_network_interface, "0.3.2", "e7450f7eccd7387ceebee6096a0646bcdc0dd4aa77077e5fa81f6767da9b77af", [:mix, :make], [{:elixir_make, "~> 0.3", [hex: :elixir_make, optional: false]}]},
  "nerves_system": {:hex, :nerves_system, "0.1.6", "d3cff2ae40d3764c75b187cbbdb09985ae169489c26178d765edc9b66bc4e355", [:mix], []},
  "nerves_system_br": {:hex, :nerves_system_br, "0.7.0", "e838dbec1079fa326d958a3aef4ee14f22d8ffbc91ce7f6b28fc7d9f3197dfa7", [:mix], []},
  "nerves_system_ev3": {:hex, :nerves_system_ev3, "0.7.0", "dc2ff4d479ce1c81f45bfa7771e10777da4383286acc87f6f3fdc65dc4347eb0", [:mix], [{:nerves_system, "~> 0.1.4", [hex: :nerves_system, optional: false]}, {:nerves_system_br, "~> 0.7.0", [hex: :nerves_system_br, optional: false]}, {:nerves_toolchain_armv5tejl_unknown_linux_musleabi, "~> 0.7.0", [hex: :nerves_toolchain_armv5tejl_unknown_linux_musleabi, optional: false]}]},
  "nerves_toolchain": {:hex, :nerves_toolchain, "0.7.1", "164f5fcf07f717d5e8f918965ea043c860b75065768c93a726f763498a7d8792", [:mix], []},
  "nerves_toolchain_arm_unknown_linux_gnueabi": {:hex, :nerves_toolchain_arm_unknown_linux_gnueabi, "0.6.2", "a8bbfb30bb11b9c0115643feb6d1980335e267c3ea8533d8918863fae6797295", [:mix], [{:nerves_toolchain, "~> 0.6.2", [hex: :nerves_toolchain, optional: false]}]},
  "nerves_toolchain_armv5tejl_unknown_linux_musleabi": {:hex, :nerves_toolchain_armv5tejl_unknown_linux_musleabi, "0.7.1", "43909a7aeab85e4d0a81c8b8f97b053b2975accdc0b04096ce5f8781bfbb63f0", [:mix], [{:nerves_toolchain, "~> 0.7", [hex: :nerves_toolchain, optional: false]}, {:nerves_toolchain_ctng, "~> 0.7", [hex: :nerves_toolchain_ctng, optional: false]}]},
  "nerves_toolchain_ctng": {:hex, :nerves_toolchain_ctng, "0.7.1", "6f46b1591b23d1a017347f8cd9962c24775b2a6fde4e2f2b5251439efef8d6a4", [:mix], []},
  "nerves_wpa_supplicant": {:hex, :nerves_wpa_supplicant, "0.2.2", "da829baec94a8afa7da3a6beaaf1725b9ca7f5f58779ba50b73568b7d37d3d98", [:mix, :make], [{:elixir_make, "~> 0.3", [hex: :elixir_make, optional: false]}]},
  "porcelain": {:hex, :porcelain, "2.0.1", "9c3db2b47d8cf6879c0d9ac79db8657333974a88faff09e856569e00c1b5e119", [:mix], []},
  "providers": {:hex, :providers, "1.6.0", "db0e2f9043ae60c0155205fcd238d68516331d0e5146155e33d1e79dc452964a", [:rebar3], [{:getopt, "0.8.2", [hex: :getopt, optional: false]}]},
  "relx": {:hex, :relx, "3.21.1", "f989dc520730efd9075e9f4debcb8ba1d7d1e86b018b0bcf45a2eb80270b4ad6", [:rebar3], [{:bbmustache, "1.0.4", [hex: :bbmustache, optional: false]}, {:cf, "0.2.1", [hex: :cf, optional: false]}, {:erlware_commons, "0.21.0", [hex: :erlware_commons, optional: false]}, {:getopt, "0.8.2", [hex: :getopt, optional: false]}, {:providers, "1.6.0", [hex: :providers, optional: false]}]}}
